// !$*UTF8*$!
{
	archiveVersion = 1;
	classes = {
	};
	objectVersion = 46;
	objects = {

/* Begin PBXBuildFile section */
		EA588FE61BBE56AA007801B6 /* main.m in Sources */ = {isa = PBXBuildFile; fileRef = EA588FE51BBE56AA007801B6 /* main.m */; };
		EA588FE91BBE56AA007801B6 /* AppDelegate.m in Sources */ = {isa = PBXBuildFile; fileRef = EA588FE81BBE56AA007801B6 /* AppDelegate.m */; };
		EA588FEC1BBE56AA007801B6 /* ViewController.m in Sources */ = {isa = PBXBuildFile; fileRef = EA588FEB1BBE56AA007801B6 /* ViewController.m */; };
		EA588FEF1BBE56AA007801B6 /* Main.storyboard in Resources */ = {isa = PBXBuildFile; fileRef = EA588FED1BBE56AA007801B6 /* Main.storyboard */; };
		EA588FF11BBE56AA007801B6 /* Assets.xcassets in Resources */ = {isa = PBXBuildFile; fileRef = EA588FF01BBE56AA007801B6 /* Assets.xcassets */; };
		EA588FF41BBE56AA007801B6 /* LaunchScreen.storyboard in Resources */ = {isa = PBXBuildFile; fileRef = EA588FF21BBE56AA007801B6 /* LaunchScreen.storyboard */; };
		EA588FFF1BBE56AA007801B6 /* GradientDemoTests.m in Sources */ = {isa = PBXBuildFile; fileRef = EA588FFE1BBE56AA007801B6 /* GradientDemoTests.m */; };
		EA58900A1BBE56AA007801B6 /* GradientDemoUITests.m in Sources */ = {isa = PBXBuildFile; fileRef = EA5890091BBE56AA007801B6 /* GradientDemoUITests.m */; };
		EA58901A1BBE5A8C007801B6 /* GradientView.m in Sources */ = {isa = PBXBuildFile; fileRef = EA5890191BBE5A8C007801B6 /* GradientView.m */; settings = {ASSET_TAGS = (); }; };
/* End PBXBuildFile section */

/* Begin PBXContainerItemProxy section */
		EA588FFB1BBE56AA007801B6 /* PBXContainerItemProxy */ = {
			isa = PBXContainerItemProxy;
			containerPortal = EA588FD91BBE56AA007801B6 /* Project object */;
			proxyType = 1;
			remoteGlobalIDString = EA588FE01BBE56AA007801B6;
			remoteInfo = GradientDemo;
		};
		EA5890061BBE56AA007801B6 /* PBXContainerItemProxy */ = {
			isa = PBXContainerItemProxy;
			containerPortal = EA588FD91BBE56AA007801B6 /* Project object */;
			proxyType = 1;
			remoteGlobalIDString = EA588FE01BBE56AA007801B6;
			remoteInfo = GradientDemo;
		};
/* End PBXContainerItemProxy section */

/* Begin PBXFileReference section */
		EA588FE11BBE56AA007801B6 /* GradientDemo.app */ = {isa = PBXFileReference; explicitFileType = wrapper.application; includeInIndex = 0; path = GradientDemo.app; sourceTree = BUILT_PRODUCTS_DIR; };
		EA588FE51BBE56AA007801B6 /* main.m */ = {isa = PBXFileReference; lastKnownFileType = sourcecode.c.objc; path = main.m; sourceTree = "<group>"; };
		EA588FE71BBE56AA007801B6 /* AppDelegate.h */ = {isa = PBXFileReference; lastKnownFileType = sourcecode.c.h; path = AppDelegate.h; sourceTree = "<group>"; };
		EA588FE81BBE56AA007801B6 /* AppDelegate.m */ = {isa = PBXFileReference; lastKnownFileType = sourcecode.c.objc; path = AppDelegate.m; sourceTree = "<group>"; };
		EA588FEA1BBE56AA007801B6 /* ViewController.h */ = {isa = PBXFileReference; lastKnownFileType = sourcecode.c.h; path = ViewController.h; sourceTree = "<group>"; };
		EA588FEB1BBE56AA007801B6 /* ViewController.m */ = {isa = PBXFileReference; lastKnownFileType = sourcecode.c.objc; path = ViewController.m; sourceTree = "<group>"; };
		EA588FEE1BBE56AA007801B6 /* Base */ = {isa = PBXFileReference; lastKnownFileType = file.storyboard; name = Base; path = Base.lproj/Main.storyboard; sourceTree = "<group>"; };
		EA588FF01BBE56AA007801B6 /* Assets.xcassets */ = {isa = PBXFileReference; lastKnownFileType = folder.assetcatalog; path = Assets.xcassets; sourceTree = "<group>"; };
		EA588FF31BBE56AA007801B6 /* Base */ = {isa = PBXFileReference; lastKnownFileType = file.storyboard; name = Base; path = Base.lproj/LaunchScreen.storyboard; sourceTree = "<group>"; };
		EA588FF51BBE56AA007801B6 /* Info.plist */ = {isa = PBXFileReference; lastKnownFileType = text.plist.xml; path = Info.plist; sourceTree = "<group>"; };
		EA588FFA1BBE56AA007801B6 /* GradientDemoTests.xctest */ = {isa = PBXFileReference; explicitFileType = wrapper.cfbundle; includeInIndex = 0; path = GradientDemoTests.xctest; sourceTree = BUILT_PRODUCTS_DIR; };
		EA588FFE1BBE56AA007801B6 /* GradientDemoTests.m */ = {isa = PBXFileReference; lastKnownFileType = sourcecode.c.objc; path = GradientDemoTests.m; sourceTree = "<group>"; };
		EA5890001BBE56AA007801B6 /* Info.plist */ = {isa = PBXFileReference; lastKnownFileType = text.plist.xml; path = Info.plist; sourceTree = "<group>"; };
		EA5890051BBE56AA007801B6 /* GradientDemoUITests.xctest */ = {isa = PBXFileReference; explicitFileType = wrapper.cfbundle; includeInIndex = 0; path = GradientDemoUITests.xctest; sourceTree = BUILT_PRODUCTS_DIR; };
		EA5890091BBE56AA007801B6 /* GradientDemoUITests.m */ = {isa = PBXFileReference; lastKnownFileType = sourcecode.c.objc; path = GradientDemoUITests.m; sourceTree = "<group>"; };
		EA58900B1BBE56AA007801B6 /* Info.plist */ = {isa = PBXFileReference; lastKnownFileType = text.plist.xml; path = Info.plist; sourceTree = "<group>"; };
		EA5890181BBE5A8C007801B6 /* GradientView.h */ = {isa = PBXFileReference; fileEncoding = 4; lastKnownFileType = sourcecode.c.h; path = GradientView.h; sourceTree = "<group>"; };
		EA5890191BBE5A8C007801B6 /* GradientView.m */ = {isa = PBXFileReference; fileEncoding = 4; lastKnownFileType = sourcecode.c.objc; path = GradientView.m; sourceTree = "<group>"; };
/* End PBXFileReference section */

/* Begin PBXFrameworksBuildPhase section */
		EA588FDE1BBE56AA007801B6 /* Frameworks */ = {
			isa = PBXFrameworksBuildPhase;
			buildActionMask = 2147483647;
			files = (
			);
			runOnlyForDeploymentPostprocessing = 0;
		};
		EA588FF71BBE56AA007801B6 /* Frameworks */ = {
			isa = PBXFrameworksBuildPhase;
			buildActionMask = 2147483647;
			files = (
			);
			runOnlyForDeploymentPostprocessing = 0;
		};
		EA5890021BBE56AA007801B6 /* Frameworks */ = {
			isa = PBXFrameworksBuildPhase;
			buildActionMask = 2147483647;
			files = (
			);
			runOnlyForDeploymentPostprocessing = 0;
		};
/* End PBXFrameworksBuildPhase section */

/* Begin PBXGroup section */
		EA588FD81BBE56AA007801B6 = {
			isa = PBXGroup;
			children = (
				EA588FE31BBE56AA007801B6 /* GradientDemo */,
				EA588FFD1BBE56AA007801B6 /* GradientDemoTests */,
				EA5890081BBE56AA007801B6 /* GradientDemoUITests */,
				EA588FE21BBE56AA007801B6 /* Products */,
			);
			sourceTree = "<group>";
		};
		EA588FE21BBE56AA007801B6 /* Products */ = {
			isa = PBXGroup;
			children = (
				EA588FE11BBE56AA007801B6 /* GradientDemo.app */,
				EA588FFA1BBE56AA007801B6 /* GradientDemoTests.xctest */,
				EA5890051BBE56AA007801B6 /* GradientDemoUITests.xctest */,
			);
			name = Products;
			sourceTree = "<group>";
		};
		EA588FE31BBE56AA007801B6 /* GradientDemo */ = {
			isa = PBXGroup;
			children = (
				EA588FE71BBE56AA007801B6 /* AppDelegate.h */,
				EA588FE81BBE56AA007801B6 /* AppDelegate.m */,
				EA588FEA1BBE56AA007801B6 /* ViewController.h */,
				EA588FEB1BBE56AA007801B6 /* ViewController.m */,
				EA588FED1BBE56AA007801B6 /* Main.storyboard */,
				EA588FF01BBE56AA007801B6 /* Assets.xcassets */,
				EA588FF21BBE56AA007801B6 /* LaunchScreen.storyboard */,
				EA588FF51BBE56AA007801B6 /* Info.plist */,
				EA5890171BBE5A8C007801B6 /* GradientView */,
				EA588FE41BBE56AA007801B6 /* Supporting Files */,
			);
			path = GradientDemo;
			sourceTree = "<group>";
		};
		EA588FE41BBE56AA007801B6 /* Supporting Files */ = {
			isa = PBXGroup;
			children = (
				EA588FE51BBE56AA007801B6 /* main.m */,
			);
			name = "Supporting Files";
			sourceTree = "<group>";
		};
		EA588FFD1BBE56AA007801B6 /* GradientDemoTests */ = {
			isa = PBXGroup;
			children = (
				EA588FFE1BBE56AA007801B6 /* GradientDemoTests.m */,
				EA5890001BBE56AA007801B6 /* Info.plist */,
			);
			path = GradientDemoTests;
			sourceTree = "<group>";
		};
		EA5890081BBE56AA007801B6 /* GradientDemoUITests */ = {
			isa = PBXGroup;
			children = (
				EA5890091BBE56AA007801B6 /* GradientDemoUITests.m */,
				EA58900B1BBE56AA007801B6 /* Info.plist */,
			);
			path = GradientDemoUITests;
			sourceTree = "<group>";
		};
		EA5890171BBE5A8C007801B6 /* GradientView */ = {
			isa = PBXGroup;
			children = (
				EA5890181BBE5A8C007801B6 /* GradientView.h */,
				EA5890191BBE5A8C007801B6 /* GradientView.m */,
			);
			path = GradientView;
			sourceTree = "<group>";
		};
/* End PBXGroup section */

/* Begin PBXNativeTarget section */
		EA588FE01BBE56AA007801B6 /* GradientDemo */ = {
			isa = PBXNativeTarget;
			buildConfigurationList = EA58900E1BBE56AA007801B6 /* Build configuration list for PBXNativeTarget "GradientDemo" */;
			buildPhases = (
				EA588FDD1BBE56AA007801B6 /* Sources */,
				EA588FDE1BBE56AA007801B6 /* Frameworks */,
				EA588FDF1BBE56AA007801B6 /* Resources */,
			);
			buildRules = (
			);
			dependencies = (
			);
			name = GradientDemo;
			productName = GradientDemo;
			productReference = EA588FE11BBE56AA007801B6 /* GradientDemo.app */;
			productType = "com.apple.product-type.application";
		};
		EA588FF91BBE56AA007801B6 /* GradientDemoTests */ = {
			isa = PBXNativeTarget;
			buildConfigurationList = EA5890111BBE56AA007801B6 /* Build configuration list for PBXNativeTarget "GradientDemoTests" */;
			buildPhases = (
				EA588FF61BBE56AA007801B6 /* Sources */,
				EA588FF71BBE56AA007801B6 /* Frameworks */,
				EA588FF81BBE56AA007801B6 /* Resources */,
			);
			buildRules = (
			);
			dependencies = (
				EA588FFC1BBE56AA007801B6 /* PBXTargetDependency */,
			);
			name = GradientDemoTests;
			productName = GradientDemoTests;
			productReference = EA588FFA1BBE56AA007801B6 /* GradientDemoTests.xctest */;
			productType = "com.apple.product-type.bundle.unit-test";
		};
		EA5890041BBE56AA007801B6 /* GradientDemoUITests */ = {
			isa = PBXNativeTarget;
			buildConfigurationList = EA5890141BBE56AA007801B6 /* Build configuration list for PBXNativeTarget "GradientDemoUITests" */;
			buildPhases = (
				EA5890011BBE56AA007801B6 /* Sources */,
				EA5890021BBE56AA007801B6 /* Frameworks */,
				EA5890031BBE56AA007801B6 /* Resources */,
			);
			buildRules = (
			);
			dependencies = (
				EA5890071BBE56AA007801B6 /* PBXTargetDependency */,
			);
			name = GradientDemoUITests;
			productName = GradientDemoUITests;
			productReference = EA5890051BBE56AA007801B6 /* GradientDemoUITests.xctest */;
			productType = "com.apple.product-type.bundle.ui-testing";
		};
/* End PBXNativeTarget section */

/* Begin PBXProject section */
		EA588FD91BBE56AA007801B6 /* Project object */ = {
			isa = PBXProject;
			attributes = {
				LastUpgradeCheck = 0700;
				ORGANIZATIONNAME = "TheAppGuruz-New-6";
				TargetAttributes = {
					EA588FE01BBE56AA007801B6 = {
						CreatedOnToolsVersion = 7.0;
					};
					EA588FF91BBE56AA007801B6 = {
						CreatedOnToolsVersion = 7.0;
						TestTargetID = EA588FE01BBE56AA007801B6;
					};
					EA5890041BBE56AA007801B6 = {
						CreatedOnToolsVersion = 7.0;
						TestTargetID = EA588FE01BBE56AA007801B6;
					};
				};
			};
			buildConfigurationList = EA588FDC1BBE56AA007801B6 /* Build configuration list for PBXProject "GradientDemo" */;
			compatibilityVersion = "Xcode 3.2";
			developmentRegion = English;
			hasScannedForEncodings = 0;
			knownRegions = (
				en,
				Base,
			);
			mainGroup = EA588FD81BBE56AA007801B6;
			productRefGroup = EA588FE21BBE56AA007801B6 /* Products */;
			projectDirPath = "";
			projectRoot = "";
			targets = (
				EA588FE01BBE56AA007801B6 /* GradientDemo */,
				EA588FF91BBE56AA007801B6 /* GradientDemoTests */,
				EA5890041BBE56AA007801B6 /* GradientDemoUITests */,
			);
		};
/* End PBXProject section */

/* Begin PBXResourcesBuildPhase section */
		EA588FDF1BBE56AA007801B6 /* Resources */ = {
			isa = PBXResourcesBuildPhase;
			buildActionMask = 2147483647;
			files = (
				EA588FF41BBE56AA007801B6 /* LaunchScreen.storyboard in Resources */,
				EA588FF11BBE56AA007801B6 /* Assets.xcassets in Resources */,
				EA588FEF1BBE56AA007801B6 /* Main.storyboard in Resources */,
			);
			runOnlyForDeploymentPostprocessing = 0;
		};
		EA588FF81BBE56AA007801B6 /* Resources */ = {
			isa = PBXResourcesBuildPhase;
			buildActionMask = 2147483647;
			files = (
			);
			runOnlyForDeploymentPostprocessing = 0;
		};
		EA5890031BBE56AA007801B6 /* Resources */ = {
			isa = PBXResourcesBuildPhase;
			buildActionMask = 2147483647;
			files = (
			);
			runOnlyForDeploymentPostprocessing = 0;
		};
/* End PBXResourcesBuildPhase section */

/* Begin PBXSourcesBuildPhase section */
		EA588FDD1BBE56AA007801B6 /* Sources */ = {
			isa = PBXSourcesBuildPhase;
			buildActionMask = 2147483647;
			files = (
				EA588FEC1BBE56AA007801B6 /* ViewController.m in Sources */,
				EA588FE91BBE56AA007801B6 /* AppDelegate.m in Sources */,
				EA58901A1BBE5A8C007801B6 /* GradientView.m in Sources */,
				EA588FE61BBE56AA007801B6 /* main.m in Sources */,
			);
			runOnlyForDeploymentPostprocessing = 0;
		};
		EA588FF61BBE56AA007801B6 /* Sources */ = {
			isa = PBXSourcesBuildPhase;
			buildActionMask = 2147483647;
			files = (
				EA588FFF1BBE56AA007801B6 /* GradientDemoTests.m in Sources */,
			);
			runOnlyForDeploymentPostprocessing = 0;
		};
		EA5890011BBE56AA007801B6 /* Sources */ = {
			isa = PBXSourcesBuildPhase;
			buildActionMask = 2147483647;
			files = (
				EA58900A1BBE56AA007801B6 /* GradientDemoUITests.m in Sources */,
			);
			runOnlyForDeploymentPostprocessing = 0;
		};
/* End PBXSourcesBuildPhase section */

/* Begin PBXTargetDependency section */
		EA588FFC1BBE56AA007801B6 /* PBXTargetDependency */ = {
			isa = PBXTargetDependency;
			target = EA588FE01BBE56AA007801B6 /* GradientDemo */;
			targetProxy = EA588FFB1BBE56AA007801B6 /* PBXContainerItemProxy */;
		};
		EA5890071BBE56AA007801B6 /* PBXTargetDependency */ = {
			isa = PBXTargetDependency;
			target = EA588FE01BBE56AA007801B6 /* GradientDemo */;
			targetProxy = EA5890061BBE56AA007801B6 /* PBXContainerItemProxy */;
		};
/* End PBXTargetDependency section */

/* Begin PBXVariantGroup section */
		EA588FED1BBE56AA007801B6 /* Main.storyboard */ = {
			isa = PBXVariantGroup;
			children = (
				EA588FEE1BBE56AA007801B6 /* Base */,
			);
			name = Main.storyboard;
			sourceTree = "<group>";
		};
		EA588FF21BBE56AA007801B6 /* LaunchScreen.storyboard */ = {
			isa = PBXVariantGroup;
			children = (
				EA588FF31BBE56AA007801B6 /* Base */,
			);
			name = LaunchScreen.storyboard;
			sourceTree = "<group>";
		};
/* End PBXVariantGroup section */

/* Begin XCBuildConfiguration section */
		EA58900C1BBE56AA007801B6 /* Debug */ = {
			isa = XCBuildConfiguration;
			buildSettings = {
				ALWAYS_SEARCH_USER_PATHS = NO;
				CLANG_CXX_LANGUAGE_STANDARD = "gnu++0x";
				CLANG_CXX_LIBRARY = "libc++";
				CLANG_ENABLE_MODULES = YES;
				CLANG_ENABLE_OBJC_ARC = YES;
				CLANG_WARN_BOOL_CONVERSION = YES;
				CLANG_WARN_CONSTANT_CONVERSION = YES;
				CLANG_WARN_DIRECT_OBJC_ISA_USAGE = YES_ERROR;
				CLANG_WARN_EMPTY_BODY = YES;
				CLANG_WARN_ENUM_CONVERSION = YES;
				CLANG_WARN_INT_CONVERSION = YES;
				CLANG_WARN_OBJC_ROOT_CLASS = YES_ERROR;
				CLANG_WARN_UNREACHABLE_CODE = YES;
				CLANG_WARN__DUPLICATE_METHOD_MATCH = YES;
				"CODE_SIGN_IDENTITY[sdk=iphoneos*]" = "iPhone Developer";
				COPY_PHASE_STRIP = NO;
				DEBUG_INFORMATION_FORMAT = dwarf;
				ENABLE_STRICT_OBJC_MSGSEND = YES;
				ENABLE_TESTABILITY = YES;
				GCC_C_LANGUAGE_STANDARD = gnu99;
				GCC_DYNAMIC_NO_PIC = NO;
				GCC_NO_COMMON_BLOCKS = YES;
				GCC_OPTIMIZATION_LEVEL = 0;
				GCC_PREPROCESSOR_DEFINITIONS = (
					"DEBUG=1",
					"$(inherited)",
				);
				GCC_WARN_64_TO_32_BIT_CONVERSION = YES;
				GCC_WARN_ABOUT_RETURN_TYPE = YES_ERROR;
				GCC_WARN_UNDECLARED_SELECTOR = YES;
				GCC_WARN_UNINITIALIZED_AUTOS = YES_AGGRESSIVE;
				GCC_WARN_UNUSED_FUNCTION = YES;
				GCC_WARN_UNUSED_VARIABLE = YES;
				IPHONEOS_DEPLOYMENT_TARGET = 9.0;
				MTL_ENABLE_DEBUG_INFO = YES;
				ONLY_ACTIVE_ARCH = YES;
				SDKROOT = iphoneos;
				TARGETED_DEVICE_FAMILY = "1,2";
			};
			name = Debug;
		};
		EA58900D1BBE56AA007801B6 /* Release */ = {
			isa = XCBuildConfiguration;
			buildSettings = {
				ALWAYS_SEARCH_USER_PATHS = NO;
				CLANG_CXX_LANGUAGE_STANDARD = "gnu++0x";
				CLANG_CXX_LIBRARY = "libc++";
				CLANG_ENABLE_MODULES = YES;
				CLANG_ENABLE_OBJC_ARC = YES;
				CLANG_WARN_BOOL_CONVERSION = YES;
				CLANG_WARN_CONSTANT_CONVERSION = YES;
				CLANG_WARN_DIRECT_OBJC_ISA_USAGE = YES_ERROR;
				CLANG_WARN_EMPTY_BODY = YES;
				CLANG_WARN_ENUM_CONVERSION = YES;
				CLANG_WARN_INT_CONVERSION = YES;
				CLANG_WARN_OBJC_ROOT_CLASS = YES_ERROR;
				CLANG_WARN_UNREACHABLE_CODE = YES;
				CLANG_WARN__DUPLICATE_METHOD_MATCH = YES;
				"CODE_SIGN_IDENTITY[sdk=iphoneos*]" = "iPhone Developer";
				COPY_PHASE_STRIP = NO;
				DEBUG_INFORMATION_FORMAT = "dwarf-with-dsym";
				ENABLE_NS_ASSERTIONS = NO;
				ENABLE_STRICT_OBJC_MSGSEND = YES;
				GCC_C_LANGUAGE_STANDARD = gnu99;
				GCC_NO_COMMON_BLOCKS = YES;
				GCC_WARN_64_TO_32_BIT_CONVERSION = YES;
				GCC_WARN_ABOUT_RETURN_TYPE = YES_ERROR;
				GCC_WARN_UNDECLARED_SELECTOR = YES;
				GCC_WARN_UNINITIALIZED_AUTOS = YES_AGGRESSIVE;
				GCC_WARN_UNUSED_FUNCTION = YES;
				GCC_WARN_UNUSED_VARIABLE = YES;
				IPHONEOS_DEPLOYMENT_TARGET = 9.0;
				MTL_ENABLE_DEBUG_INFO = NO;
				SDKROOT = iphoneos;
				TARGETED_DEVICE_FAMILY = "1,2";
				VALIDATE_PRODUCT = YES;
			};
			name = Release;
		};
		EA58900F1BBE56AA007801B6 /* Debug */ = {
			isa = XCBuildConfiguration;
			buildSettings = {
				ASSETCATALOG_COMPILER_APPICON_NAME = AppIcon;
				INFOPLIST_FILE = GradientDemo/Info.plist;
				LD_RUNPATH_SEARCH_PATHS = "$(inherited) @executable_path/Frameworks";
				PRODUCT_BUNDLE_IDENTIFIER = com.tag.GradientDemo;
				PRODUCT_NAME = "$(TARGET_NAME)";
			};
			name = Debug;
		};
		EA5890101BBE56AA007801B6 /* Release */ = {
			isa = XCBuildConfiguration;
			buildSettings = {
				ASSETCATALOG_COMPILER_APPICON_NAME = AppIcon;
				INFOPLIST_FILE = GradientDemo/Info.plist;
				LD_RUNPATH_SEARCH_PATHS = "$(inherited) @executable_path/Frameworks";
				PRODUCT_BUNDLE_IDENTIFIER = com.tag.GradientDemo;
				PRODUCT_NAME = "$(TARGET_NAME)";
			};
			name = Release;
		};
		EA5890121BBE56AA007801B6 /* Debug */ = {
			isa = XCBuildConfiguration;
			buildSettings = {
				BUNDLE_LOADER = "$(TEST_HOST)";
				INFOPLIST_FILE = GradientDemoTests/Info.plist;
				LD_RUNPATH_SEARCH_PATHS = "$(inherited) @executable_path/Frameworks @loader_path/Frameworks";
				PRODUCT_BUNDLE_IDENTIFIER = com.tag.GradientDemoTests;
				PRODUCT_NAME = "$(TARGET_NAME)";
				TEST_HOST = "$(BUILT_PRODUCTS_DIR)/GradientDemo.app/GradientDemo";
			};
			name = Debug;
		};
		EA5890131BBE56AA007801B6 /* Release */ = {
			isa = XCBuildConfiguration;
			buildSettings = {
				BUNDLE_LOADER = "$(TEST_HOST)";
				INFOPLIST_FILE = GradientDemoTests/Info.plist;
				LD_RUNPATH_SEARCH_PATHS = "$(inherited) @executable_path/Frameworks @loader_path/Frameworks";
				PRODUCT_BUNDLE_IDENTIFIER = com.tag.GradientDemoTests;
				PRODUCT_NAME = "$(TARGET_NAME)";
				TEST_HOST = "$(BUILT_PRODUCTS_DIR)/GradientDemo.app/GradientDemo";
			};
			name = Release;
		};
		EA5890151BBE56AA007801B6 /* Debug */ = {
			isa = XCBuildConfiguration;
			buildSettings = {
				INFOPLIST_FILE = GradientDemoUITests/Info.plist;
				LD_RUNPATH_SEARCH_PATHS = "$(inherited) @executable_path/Frameworks @loader_path/Frameworks";
				PRODUCT_BUNDLE_IDENTIFIER = com.tag.GradientDemoUITests;
				PRODUCT_NAME = "$(TARGET_NAME)";
				TEST_TARGET_NAME = GradientDemo;
				USES_XCTRUNNER = YES;
			};
			name = Debug;
		};
		EA5890161BBE56AA007801B6 /* Release */ = {
			isa = XCBuildConfiguration;
			buildSettings = {
				INFOPLIST_FILE = GradientDemoUITests/Info.plist;
				LD_RUNPATH_SEARCH_PATHS = "$(inherited) @executable_path/Frameworks @loader_path/Frameworks";
				PRODUCT_BUNDLE_IDENTIFIER = com.tag.GradientDemoUITests;
				PRODUCT_NAME = "$(TARGET_NAME)";
				TEST_TARGET_NAME = GradientDemo;
				USES_XCTRUNNER = YES;
			};
			name = Release;
		};
/* End XCBuildConfiguration section */

/* Begin XCConfigurationList section */
		EA588FDC1BBE56AA007801B6 /* Build configuration list for PBXProject "GradientDemo" */ = {
			isa = XCConfigurationList;
			buildConfigurations = (
				EA58900C1BBE56AA007801B6 /* Debug */,
				EA58900D1BBE56AA007801B6 /* Release */,
			);
			defaultConfigurationIsVisible = 0;
			defaultConfigurationName = Release;
		};
		EA58900E1BBE56AA007801B6 /* Build configuration list for PBXNativeTarget "GradientDemo" */ = {
			isa = XCConfigurationList;
			buildConfigurations = (
				EA58900F1BBE56AA007801B6 /* Debug */,
				EA5890101BBE56AA007801B6 /* Release */,
			);
			defaultConfigurationIsVisible = 0;
		};
		EA5890111BBE56AA007801B6 /* Build configuration list for PBXNativeTarget "GradientDemoTests" */ = {
			isa = XCConfigurationList;
			buildConfigurations = (
				EA5890121BBE56AA007801B6 /* Debug */,
				EA5890131BBE56AA007801B6 /* Release */,
			);
			defaultConfigurationIsVisible = 0;
		};
		EA5890141BBE56AA007801B6 /* Build configuration list for PBXNativeTarget "GradientDemoUITests" */ = {
			isa = XCConfigurationList;
			buildConfigurations = (
				EA5890151BBE56AA007801B6 /* Debug */,
				EA5890161BBE56AA007801B6 /* Release */,
			);
			defaultConfigurationIsVisible = 0;
		};
/* End XCConfigurationList section */
	};
	rootObject = EA588FD91BBE56AA007801B6 /* Project object */;
}
